
Microsoft Visual Studio Solution File, Format Version 12.00
# Visual Studio 15
VisualStudioVersion = 15.0.27130.2010
MinimumVisualStudioVersion = 10.0.40219.1
Project("{FAE04EC0-301F-11D3-BF4B-00C04F79EFBC}") = "Exercise", "Exercise\Exercise.csproj", "{CB7C2680-D072-49B3-8E06-7813986E36B2}"
EndProject
Project("{FAE04EC0-301F-11D3-BF4B-00C04F79EFBC}") = "Exercise2", "Exercise2\Exercise2.csproj", "{5AAC9F92-2573-43F3-9A6E-E8BC53BE4C1C}"
EndProject
Project("{FAE04EC0-301F-11D3-BF4B-00C04F79EFBC}") = "Exercise3", "Exercise3\Exercise3.csproj", "{9D26DEFE-C2F4-46B0-8E08-82E99406F5CC}"
EndProject
Project("{FAE04EC0-301F-11D3-BF4B-00C04F79EFBC}") = "Exercise4", "Exercise4\Exercise4.csproj", "{53E60E09-B008-44E1-9B91-082868953370}"
EndProject
Project("{FAE04EC0-301F-11D3-BF4B-00C04F79EFBC}") = "Exercise5", "Exercise5\Exercise5.csproj", "{D1FF1B8B-D9BA-422A-8119-8C1B430C0975}"
EndProject
Project("{FAE04EC0-301F-11D3-BF4B-00C04F79EFBC}") = "Exercise6", "Exercise6\Exercise6.csproj", "{4C2F3C18-9CC7-4A78-A284-95A9468DE8C5}"
EndProject
Project("{FAE04EC0-301F-11D3-BF4B-00C04F79EFBC}") = "Exercise7", "Exercise7\Exercise7.csproj", "{F7356536-18C5-4781-903E-E6C4D4667D6F}"
EndProject
Project("{FAE04EC0-301F-11D3-BF4B-00C04F79EFBC}") = "Exercise8", "Exercise8\Exercise8.csproj", "{E6CBAA23-1200-43ED-9ECB-1591301773F1}"
EndProject
Project("{FAE04EC0-301F-11D3-BF4B-00C04F79EFBC}") = "Exercise9", "Exercise9\Exercise9.csproj", "{46A3E825-B3E7-4621-B35D-5774F92246F1}"
EndProject
Project("{FAE04EC0-301F-11D3-BF4B-00C04F79EFBC}") = "Exercise10", "Exercise10\Exercise10.csproj", "{2385FDF3-E907-4A77-A3C8-40EB6ACFCACB}"
EndProject
Project("{FAE04EC0-301F-11D3-BF4B-00C04F79EFBC}") = "Exercise11", "Exercise11\Exercise11.csproj", "{E86A7C60-8AAD-4410-9F68-DA9459ECE497}"
EndProject
Project("{FAE04EC0-301F-11D3-BF4B-00C04F79EFBC}") = "Exercise12", "Exercise12\Exercise12.csproj", "{120913F2-88F0-4AB8-BA5B-5BF1F8F5E2DC}"
EndProject
Project("{FAE04EC0-301F-11D3-BF4B-00C04F79EFBC}") = "Exercise13", "Exercise13\Exercise13.csproj", "{C4A320F2-936B-48D4-8B76-DAEDA0F12B21}"
EndProject
Project("{FAE04EC0-301F-11D3-BF4B-00C04F79EFBC}") = "Exercise14", "Exercise14\Exercise14.csproj", "{ECB84564-6984-427C-8D0C-D743B50BCC38}"
EndProject
Project("{FAE04EC0-301F-11D3-BF4B-00C04F79EFBC}") = "Exercise15", "Exercise15\Exercise15.csproj", "{2696F803-55D0-4001-AE97-ECAB4A686FDF}"
EndProject
Project("{FAE04EC0-301F-11D3-BF4B-00C04F79EFBC}") = "Exercise16", "Exercise16\Exercise16.csproj", "{E3488F69-AE13-4EC5-97E4-64231D4ECCFE}"
EndProject
Project("{FAE04EC0-301F-11D3-BF4B-00C04F79EFBC}") = "Exercise17", "Exercise17\Exercise17.csproj", "{882CDEFF-21AA-430A-B969-E88CCCAE56FC}"
EndProject
Project("{FAE04EC0-301F-11D3-BF4B-00C04F79EFBC}") = "Exercise18", "Exercise18\Exercise18.csproj", "{C6597871-B0D8-463C-9F53-9F71753697EF}"
EndProject
Project("{FAE04EC0-301F-11D3-BF4B-00C04F79EFBC}") = "Exercise19", "Exercise19\Exercise19.csproj", "{5CBC771A-E5C0-4383-A104-22F5CCB2C11D}"
EndProject
Project("{FAE04EC0-301F-11D3-BF4B-00C04F79EFBC}") = "Exercise20", "Exercise20\Exercise20.csproj", "{EE166FF8-7A39-4D66-A943-B918680C5837}"
EndProject
Project("{FAE04EC0-301F-11D3-BF4B-00C04F79EFBC}") = "Exercise21", "Exercise21\Exercise21.csproj", "{D453A511-09DB-4B4F-B25A-39BFD30250E0}"
EndProject
Project("{FAE04EC0-301F-11D3-BF4B-00C04F79EFBC}") = "Exercise22", "Exercise22\Exercise22.csproj", "{ACE9F8F1-D498-4616-B292-3EF0240385EC}"
EndProject
Project("{FAE04EC0-301F-11D3-BF4B-00C04F79EFBC}") = "Exercise23", "Exercise23\Exercise23.csproj", "{A58AA04A-5B29-4F4C-AF2F-D13A040CD8BA}"
EndProject
Project("{FAE04EC0-301F-11D3-BF4B-00C04F79EFBC}") = "Exercise24", "Exercise24\Exercise24.csproj", "{01F33F8F-2DA2-4DCF-A647-4D8F98DE1994}"
EndProject
Project("{FAE04EC0-301F-11D3-BF4B-00C04F79EFBC}") = "Exercise25", "Exercise25\Exercise25.csproj", "{55E64CD0-BAB1-4AD0-AF35-B54001023934}"
EndProject
Project("{FAE04EC0-301F-11D3-BF4B-00C04F79EFBC}") = "Exercise26", "Exercise26\Exercise26.csproj", "{0F78D72B-584C-4FE8-9081-FCBAA728AA79}"
EndProject
Project("{FAE04EC0-301F-11D3-BF4B-00C04F79EFBC}") = "Exercise27", "Exercise27\Exercise27.csproj", "{C8595E0F-352B-4391-B908-0F9F76A66088}"
EndProject
Project("{FAE04EC0-301F-11D3-BF4B-00C04F79EFBC}") = "Exercise28", "Exercise28\Exercise28.csproj", "{97331F60-4971-467A-80B0-AD056430F226}"
EndProject
Project("{FAE04EC0-301F-11D3-BF4B-00C04F79EFBC}") = "Exercise29", "Exercise29\Exercise29.csproj", "{B4A45499-605B-4ECE-9540-B74DDDDFBCE2}"
EndProject
Project("{FAE04EC0-301F-11D3-BF4B-00C04F79EFBC}") = "Exercise30", "Exercise30\Exercise30.csproj", "{8794031A-9A08-4915-A436-815200EB8425}"
EndProject
Project("{FAE04EC0-301F-11D3-BF4B-00C04F79EFBC}") = "Exercise31", "Exercise31\Exercise31.csproj", "{8AF34AC2-4CE4-45F5-A31B-D338F896C238}"
EndProject
Project("{FAE04EC0-301F-11D3-BF4B-00C04F79EFBC}") = "Exercise32", "Exercise32\Exercise32.csproj", "{A7FA7F68-F64E-4EBC-B4E1-8A6C782F03F8}"
EndProject
Project("{FAE04EC0-301F-11D3-BF4B-00C04F79EFBC}") = "Exercise33", "Exercise33\Exercise33.csproj", "{7A9AFA57-AD19-48F1-B5DF-E6EC9FFDB4B7}"
EndProject
Project("{FAE04EC0-301F-11D3-BF4B-00C04F79EFBC}") = "Exercise34", "Exercise34\Exercise34.csproj", "{58FA67A3-4BEC-4C9E-BE45-0D8A50928E2D}"
EndProject
Project("{FAE04EC0-301F-11D3-BF4B-00C04F79EFBC}") = "Exercise35", "Exercise35\Exercise35.csproj", "{8B757873-A6EA-485E-A51F-3427BB73056A}"
EndProject
Project("{FAE04EC0-301F-11D3-BF4B-00C04F79EFBC}") = "Exercise36", "Exercise36\Exercise36.csproj", "{C837C823-DBD5-4D8B-A22E-D9D41A718A69}"
EndProject
Project("{FAE04EC0-301F-11D3-BF4B-00C04F79EFBC}") = "Exercise37", "Exercise37\Exercise37.csproj", "{A10151CB-1694-4BCA-8D12-E81289FE9DA7}"
EndProject
Project("{FAE04EC0-301F-11D3-BF4B-00C04F79EFBC}") = "Exercise38", "Exercise38\Exercise38.csproj", "{B5C7C381-2794-4622-BD8A-FDFF7CBFC6B7}"
EndProject
Project("{FAE04EC0-301F-11D3-BF4B-00C04F79EFBC}") = "Exercise39", "Exercise39\Exercise39.csproj", "{94FC9319-CABB-4E4B-922D-5AA9B5E5C2A9}"
EndProject
Project("{FAE04EC0-301F-11D3-BF4B-00C04F79EFBC}") = "Exercise40", "Exercise40\Exercise40.csproj", "{EE82EC24-6DB1-4077-8D0C-EB71DC289A19}"
EndProject
Project("{FAE04EC0-301F-11D3-BF4B-00C04F79EFBC}") = "Exercise41", "Exercise41\Exercise41.csproj", "{3FF42091-BD4A-4CFD-80BA-4F216EE5DF85}"
EndProject
Project("{FAE04EC0-301F-11D3-BF4B-00C04F79EFBC}") = "Exercise42", "Exercise42\Exercise42.csproj", "{6C0D9BCA-005E-4E42-A105-D1C7F42C59D4}"
EndProject
Project("{FAE04EC0-301F-11D3-BF4B-00C04F79EFBC}") = "Exercise43", "Exercise43\Exercise43.csproj", "{BD6C0F30-A7E1-42EB-989B-CB5604BCBA38}"
EndProject
Project("{FAE04EC0-301F-11D3-BF4B-00C04F79EFBC}") = "Exercise44", "Exercise44\Exercise44.csproj", "{6F2FAF12-9582-4806-8DF1-9069FF3E9512}"
EndProject
Project("{FAE04EC0-301F-11D3-BF4B-00C04F79EFBC}") = "Exercise45", "Exercise45\Exercise45.csproj", "{3E8648DC-5131-4D65-AB4F-4EDA2FAB6F84}"
EndProject
Project("{FAE04EC0-301F-11D3-BF4B-00C04F79EFBC}") = "Exercise46", "Exercise46\Exercise46.csproj", "{1BA3C878-B5D9-4EE0-B115-27AF5CC9BF62}"
EndProject
Project("{FAE04EC0-301F-11D3-BF4B-00C04F79EFBC}") = "Exercise47", "Exercise47\Exercise47.csproj", "{F62DA753-963D-4165-AA70-A4D1D22EAF0F}"
EndProject
Project("{FAE04EC0-301F-11D3-BF4B-00C04F79EFBC}") = "Exercise48", "Exercise48\Exercise48.csproj", "{625CC02D-105E-4456-928E-8673B5136EEA}"
EndProject
Project("{FAE04EC0-301F-11D3-BF4B-00C04F79EFBC}") = "Exercise49", "Exercise49\Exercise49.csproj", "{31663762-AA07-40A7-8A8F-EF89B92F28E5}"
EndProject
Project("{FAE04EC0-301F-11D3-BF4B-00C04F79EFBC}") = "Exercise50", "Exercise50\Exercise50.csproj", "{D5EB3484-1CB2-4402-A3BD-70D8D334CC99}"
EndProject
Project("{FAE04EC0-301F-11D3-BF4B-00C04F79EFBC}") = "Exercise51", "Exercise51\Exercise51.csproj", "{0CED2E5B-5D13-4678-8BD2-8162A088589F}"
EndProject
Project("{FAE04EC0-301F-11D3-BF4B-00C04F79EFBC}") = "Exercise52", "Exercise52\Exercise52.csproj", "{B3C1BF46-0F46-4668-AC0D-7A83A786FD80}"
EndProject
Project("{FAE04EC0-301F-11D3-BF4B-00C04F79EFBC}") = "Exercise53", "Exercise53\Exercise53.csproj", "{1E02F5DB-9E7E-4894-BBD6-1C9154BB87B6}"
EndProject
Project("{FAE04EC0-301F-11D3-BF4B-00C04F79EFBC}") = "Exercise54", "Exercise54\Exercise54.csproj", "{4FA6641A-A8DA-450B-9BA9-0AECC87AD337}"
EndProject
Project("{FAE04EC0-301F-11D3-BF4B-00C04F79EFBC}") = "Exercise55", "Exercise55\Exercise55.csproj", "{E0FD362E-8A0D-466C-A5A2-A89F72C7D39A}"
EndProject
Project("{FAE04EC0-301F-11D3-BF4B-00C04F79EFBC}") = "Exercise56", "Exercise56\Exercise56.csproj", "{AC621E2D-224C-48F3-90B5-8EA50C5AFED2}"
EndProject
Project("{FAE04EC0-301F-11D3-BF4B-00C04F79EFBC}") = "Exercise57", "Exercise57\Exercise57.csproj", "{7F66E3ED-E555-442A-81DF-B2D916CC699D}"
EndProject
Project("{FAE04EC0-301F-11D3-BF4B-00C04F79EFBC}") = "Exercise58", "Exercise58\Exercise58.csproj", "{46063030-19E5-4E65-B7BE-758965013E41}"
EndProject
Project("{FAE04EC0-301F-11D3-BF4B-00C04F79EFBC}") = "Exercise59", "Exercise59\Exercise59.csproj", "{6A50C0E4-8C5C-4F77-869D-E30B740C7E0F}"
EndProject
Project("{FAE04EC0-301F-11D3-BF4B-00C04F79EFBC}") = "Exercise60", "Exercise60\Exercise60.csproj", "{967A29FA-C3A7-4A49-A868-04027C36EC83}"
EndProject
Project("{FAE04EC0-301F-11D3-BF4B-00C04F79EFBC}") = "Exercise61", "Exercise61\Exercise61.csproj", "{93F370A9-8D29-4D6F-AB34-E198E3B637F3}"
EndProject
Global
	GlobalSection(SolutionConfigurationPlatforms) = preSolution
		Debug|Any CPU = Debug|Any CPU
		Release|Any CPU = Release|Any CPU
	EndGlobalSection
	GlobalSection(ProjectConfigurationPlatforms) = postSolution
		{CB7C2680-D072-49B3-8E06-7813986E36B2}.Debug|Any CPU.ActiveCfg = Debug|Any CPU
		{CB7C2680-D072-49B3-8E06-7813986E36B2}.Debug|Any CPU.Build.0 = Debug|Any CPU
		{CB7C2680-D072-49B3-8E06-7813986E36B2}.Release|Any CPU.ActiveCfg = Release|Any CPU
		{CB7C2680-D072-49B3-8E06-7813986E36B2}.Release|Any CPU.Build.0 = Release|Any CPU
		{5AAC9F92-2573-43F3-9A6E-E8BC53BE4C1C}.Debug|Any CPU.ActiveCfg = Debug|Any CPU
		{5AAC9F92-2573-43F3-9A6E-E8BC53BE4C1C}.Debug|Any CPU.Build.0 = Debug|Any CPU
		{5AAC9F92-2573-43F3-9A6E-E8BC53BE4C1C}.Release|Any CPU.ActiveCfg = Release|Any CPU
		{5AAC9F92-2573-43F3-9A6E-E8BC53BE4C1C}.Release|Any CPU.Build.0 = Release|Any CPU
		{9D26DEFE-C2F4-46B0-8E08-82E99406F5CC}.Debug|Any CPU.ActiveCfg = Debug|Any CPU
		{9D26DEFE-C2F4-46B0-8E08-82E99406F5CC}.Debug|Any CPU.Build.0 = Debug|Any CPU
		{9D26DEFE-C2F4-46B0-8E08-82E99406F5CC}.Release|Any CPU.ActiveCfg = Release|Any CPU
		{9D26DEFE-C2F4-46B0-8E08-82E99406F5CC}.Release|Any CPU.Build.0 = Release|Any CPU
		{53E60E09-B008-44E1-9B91-082868953370}.Debug|Any CPU.ActiveCfg = Debug|Any CPU
		{53E60E09-B008-44E1-9B91-082868953370}.Debug|Any CPU.Build.0 = Debug|Any CPU
		{53E60E09-B008-44E1-9B91-082868953370}.Release|Any CPU.ActiveCfg = Release|Any CPU
		{53E60E09-B008-44E1-9B91-082868953370}.Release|Any CPU.Build.0 = Release|Any CPU
		{D1FF1B8B-D9BA-422A-8119-8C1B430C0975}.Debug|Any CPU.ActiveCfg = Debug|Any CPU
		{D1FF1B8B-D9BA-422A-8119-8C1B430C0975}.Debug|Any CPU.Build.0 = Debug|Any CPU
		{D1FF1B8B-D9BA-422A-8119-8C1B430C0975}.Release|Any CPU.ActiveCfg = Release|Any CPU
		{D1FF1B8B-D9BA-422A-8119-8C1B430C0975}.Release|Any CPU.Build.0 = Release|Any CPU
		{4C2F3C18-9CC7-4A78-A284-95A9468DE8C5}.Debug|Any CPU.ActiveCfg = Debug|Any CPU
		{4C2F3C18-9CC7-4A78-A284-95A9468DE8C5}.Debug|Any CPU.Build.0 = Debug|Any CPU
		{4C2F3C18-9CC7-4A78-A284-95A9468DE8C5}.Release|Any CPU.ActiveCfg = Release|Any CPU
		{4C2F3C18-9CC7-4A78-A284-95A9468DE8C5}.Release|Any CPU.Build.0 = Release|Any CPU
		{F7356536-18C5-4781-903E-E6C4D4667D6F}.Debug|Any CPU.ActiveCfg = Debug|Any CPU
		{F7356536-18C5-4781-903E-E6C4D4667D6F}.Debug|Any CPU.Build.0 = Debug|Any CPU
		{F7356536-18C5-4781-903E-E6C4D4667D6F}.Release|Any CPU.ActiveCfg = Release|Any CPU
		{F7356536-18C5-4781-903E-E6C4D4667D6F}.Release|Any CPU.Build.0 = Release|Any CPU
		{E6CBAA23-1200-43ED-9ECB-1591301773F1}.Debug|Any CPU.ActiveCfg = Debug|Any CPU
		{E6CBAA23-1200-43ED-9ECB-1591301773F1}.Debug|Any CPU.Build.0 = Debug|Any CPU
		{E6CBAA23-1200-43ED-9ECB-1591301773F1}.Release|Any CPU.ActiveCfg = Release|Any CPU
		{E6CBAA23-1200-43ED-9ECB-1591301773F1}.Release|Any CPU.Build.0 = Release|Any CPU
		{46A3E825-B3E7-4621-B35D-5774F92246F1}.Debug|Any CPU.ActiveCfg = Debug|Any CPU
		{46A3E825-B3E7-4621-B35D-5774F92246F1}.Debug|Any CPU.Build.0 = Debug|Any CPU
		{46A3E825-B3E7-4621-B35D-5774F92246F1}.Release|Any CPU.ActiveCfg = Release|Any CPU
		{46A3E825-B3E7-4621-B35D-5774F92246F1}.Release|Any CPU.Build.0 = Release|Any CPU
		{2385FDF3-E907-4A77-A3C8-40EB6ACFCACB}.Debug|Any CPU.ActiveCfg = Debug|Any CPU
		{2385FDF3-E907-4A77-A3C8-40EB6ACFCACB}.Debug|Any CPU.Build.0 = Debug|Any CPU
		{2385FDF3-E907-4A77-A3C8-40EB6ACFCACB}.Release|Any CPU.ActiveCfg = Release|Any CPU
		{2385FDF3-E907-4A77-A3C8-40EB6ACFCACB}.Release|Any CPU.Build.0 = Release|Any CPU
		{E86A7C60-8AAD-4410-9F68-DA9459ECE497}.Debug|Any CPU.ActiveCfg = Debug|Any CPU
		{E86A7C60-8AAD-4410-9F68-DA9459ECE497}.Debug|Any CPU.Build.0 = Debug|Any CPU
		{E86A7C60-8AAD-4410-9F68-DA9459ECE497}.Release|Any CPU.ActiveCfg = Release|Any CPU
		{E86A7C60-8AAD-4410-9F68-DA9459ECE497}.Release|Any CPU.Build.0 = Release|Any CPU
		{120913F2-88F0-4AB8-BA5B-5BF1F8F5E2DC}.Debug|Any CPU.ActiveCfg = Debug|Any CPU
		{120913F2-88F0-4AB8-BA5B-5BF1F8F5E2DC}.Debug|Any CPU.Build.0 = Debug|Any CPU
		{120913F2-88F0-4AB8-BA5B-5BF1F8F5E2DC}.Release|Any CPU.ActiveCfg = Release|Any CPU
		{120913F2-88F0-4AB8-BA5B-5BF1F8F5E2DC}.Release|Any CPU.Build.0 = Release|Any CPU
		{C4A320F2-936B-48D4-8B76-DAEDA0F12B21}.Debug|Any CPU.ActiveCfg = Debug|Any CPU
		{C4A320F2-936B-48D4-8B76-DAEDA0F12B21}.Debug|Any CPU.Build.0 = Debug|Any CPU
		{C4A320F2-936B-48D4-8B76-DAEDA0F12B21}.Release|Any CPU.ActiveCfg = Release|Any CPU
		{C4A320F2-936B-48D4-8B76-DAEDA0F12B21}.Release|Any CPU.Build.0 = Release|Any CPU
		{ECB84564-6984-427C-8D0C-D743B50BCC38}.Debug|Any CPU.ActiveCfg = Debug|Any CPU
		{ECB84564-6984-427C-8D0C-D743B50BCC38}.Debug|Any CPU.Build.0 = Debug|Any CPU
		{ECB84564-6984-427C-8D0C-D743B50BCC38}.Release|Any CPU.ActiveCfg = Release|Any CPU
		{ECB84564-6984-427C-8D0C-D743B50BCC38}.Release|Any CPU.Build.0 = Release|Any CPU
		{2696F803-55D0-4001-AE97-ECAB4A686FDF}.Debug|Any CPU.ActiveCfg = Debug|Any CPU
		{2696F803-55D0-4001-AE97-ECAB4A686FDF}.Debug|Any CPU.Build.0 = Debug|Any CPU
		{2696F803-55D0-4001-AE97-ECAB4A686FDF}.Release|Any CPU.ActiveCfg = Release|Any CPU
		{2696F803-55D0-4001-AE97-ECAB4A686FDF}.Release|Any CPU.Build.0 = Release|Any CPU
		{E3488F69-AE13-4EC5-97E4-64231D4ECCFE}.Debug|Any CPU.ActiveCfg = Debug|Any CPU
		{E3488F69-AE13-4EC5-97E4-64231D4ECCFE}.Debug|Any CPU.Build.0 = Debug|Any CPU
		{E3488F69-AE13-4EC5-97E4-64231D4ECCFE}.Release|Any CPU.ActiveCfg = Release|Any CPU
		{E3488F69-AE13-4EC5-97E4-64231D4ECCFE}.Release|Any CPU.Build.0 = Release|Any CPU
		{882CDEFF-21AA-430A-B969-E88CCCAE56FC}.Debug|Any CPU.ActiveCfg = Debug|Any CPU
		{882CDEFF-21AA-430A-B969-E88CCCAE56FC}.Debug|Any CPU.Build.0 = Debug|Any CPU
		{882CDEFF-21AA-430A-B969-E88CCCAE56FC}.Release|Any CPU.ActiveCfg = Release|Any CPU
		{882CDEFF-21AA-430A-B969-E88CCCAE56FC}.Release|Any CPU.Build.0 = Release|Any CPU
		{C6597871-B0D8-463C-9F53-9F71753697EF}.Debug|Any CPU.ActiveCfg = Debug|Any CPU
		{C6597871-B0D8-463C-9F53-9F71753697EF}.Debug|Any CPU.Build.0 = Debug|Any CPU
		{C6597871-B0D8-463C-9F53-9F71753697EF}.Release|Any CPU.ActiveCfg = Release|Any CPU
		{C6597871-B0D8-463C-9F53-9F71753697EF}.Release|Any CPU.Build.0 = Release|Any CPU
		{5CBC771A-E5C0-4383-A104-22F5CCB2C11D}.Debug|Any CPU.ActiveCfg = Debug|Any CPU
		{5CBC771A-E5C0-4383-A104-22F5CCB2C11D}.Debug|Any CPU.Build.0 = Debug|Any CPU
		{5CBC771A-E5C0-4383-A104-22F5CCB2C11D}.Release|Any CPU.ActiveCfg = Release|Any CPU
		{5CBC771A-E5C0-4383-A104-22F5CCB2C11D}.Release|Any CPU.Build.0 = Release|Any CPU
		{EE166FF8-7A39-4D66-A943-B918680C5837}.Debug|Any CPU.ActiveCfg = Debug|Any CPU
		{EE166FF8-7A39-4D66-A943-B918680C5837}.Debug|Any CPU.Build.0 = Debug|Any CPU
		{EE166FF8-7A39-4D66-A943-B918680C5837}.Release|Any CPU.ActiveCfg = Release|Any CPU
		{EE166FF8-7A39-4D66-A943-B918680C5837}.Release|Any CPU.Build.0 = Release|Any CPU
		{D453A511-09DB-4B4F-B25A-39BFD30250E0}.Debug|Any CPU.ActiveCfg = Debug|Any CPU
		{D453A511-09DB-4B4F-B25A-39BFD30250E0}.Debug|Any CPU.Build.0 = Debug|Any CPU
		{D453A511-09DB-4B4F-B25A-39BFD30250E0}.Release|Any CPU.ActiveCfg = Release|Any CPU
		{D453A511-09DB-4B4F-B25A-39BFD30250E0}.Release|Any CPU.Build.0 = Release|Any CPU
		{ACE9F8F1-D498-4616-B292-3EF0240385EC}.Debug|Any CPU.ActiveCfg = Debug|Any CPU
		{ACE9F8F1-D498-4616-B292-3EF0240385EC}.Debug|Any CPU.Build.0 = Debug|Any CPU
		{ACE9F8F1-D498-4616-B292-3EF0240385EC}.Release|Any CPU.ActiveCfg = Release|Any CPU
		{ACE9F8F1-D498-4616-B292-3EF0240385EC}.Release|Any CPU.Build.0 = Release|Any CPU
		{A58AA04A-5B29-4F4C-AF2F-D13A040CD8BA}.Debug|Any CPU.ActiveCfg = Debug|Any CPU
		{A58AA04A-5B29-4F4C-AF2F-D13A040CD8BA}.Debug|Any CPU.Build.0 = Debug|Any CPU
		{A58AA04A-5B29-4F4C-AF2F-D13A040CD8BA}.Release|Any CPU.ActiveCfg = Release|Any CPU
		{A58AA04A-5B29-4F4C-AF2F-D13A040CD8BA}.Release|Any CPU.Build.0 = Release|Any CPU
		{01F33F8F-2DA2-4DCF-A647-4D8F98DE1994}.Debug|Any CPU.ActiveCfg = Debug|Any CPU
		{01F33F8F-2DA2-4DCF-A647-4D8F98DE1994}.Debug|Any CPU.Build.0 = Debug|Any CPU
		{01F33F8F-2DA2-4DCF-A647-4D8F98DE1994}.Release|Any CPU.ActiveCfg = Release|Any CPU
		{01F33F8F-2DA2-4DCF-A647-4D8F98DE1994}.Release|Any CPU.Build.0 = Release|Any CPU
		{55E64CD0-BAB1-4AD0-AF35-B54001023934}.Debug|Any CPU.ActiveCfg = Debug|Any CPU
		{55E64CD0-BAB1-4AD0-AF35-B54001023934}.Debug|Any CPU.Build.0 = Debug|Any CPU
		{55E64CD0-BAB1-4AD0-AF35-B54001023934}.Release|Any CPU.ActiveCfg = Release|Any CPU
		{55E64CD0-BAB1-4AD0-AF35-B54001023934}.Release|Any CPU.Build.0 = Release|Any CPU
		{0F78D72B-584C-4FE8-9081-FCBAA728AA79}.Debug|Any CPU.ActiveCfg = Debug|Any CPU
		{0F78D72B-584C-4FE8-9081-FCBAA728AA79}.Debug|Any CPU.Build.0 = Debug|Any CPU
		{0F78D72B-584C-4FE8-9081-FCBAA728AA79}.Release|Any CPU.ActiveCfg = Release|Any CPU
		{0F78D72B-584C-4FE8-9081-FCBAA728AA79}.Release|Any CPU.Build.0 = Release|Any CPU
		{C8595E0F-352B-4391-B908-0F9F76A66088}.Debug|Any CPU.ActiveCfg = Debug|Any CPU
		{C8595E0F-352B-4391-B908-0F9F76A66088}.Debug|Any CPU.Build.0 = Debug|Any CPU
		{C8595E0F-352B-4391-B908-0F9F76A66088}.Release|Any CPU.ActiveCfg = Release|Any CPU
		{C8595E0F-352B-4391-B908-0F9F76A66088}.Release|Any CPU.Build.0 = Release|Any CPU
		{97331F60-4971-467A-80B0-AD056430F226}.Debug|Any CPU.ActiveCfg = Debug|Any CPU
		{97331F60-4971-467A-80B0-AD056430F226}.Debug|Any CPU.Build.0 = Debug|Any CPU
		{97331F60-4971-467A-80B0-AD056430F226}.Release|Any CPU.ActiveCfg = Release|Any CPU
		{97331F60-4971-467A-80B0-AD056430F226}.Release|Any CPU.Build.0 = Release|Any CPU
		{B4A45499-605B-4ECE-9540-B74DDDDFBCE2}.Debug|Any CPU.ActiveCfg = Debug|Any CPU
		{B4A45499-605B-4ECE-9540-B74DDDDFBCE2}.Debug|Any CPU.Build.0 = Debug|Any CPU
		{B4A45499-605B-4ECE-9540-B74DDDDFBCE2}.Release|Any CPU.ActiveCfg = Release|Any CPU
		{B4A45499-605B-4ECE-9540-B74DDDDFBCE2}.Release|Any CPU.Build.0 = Release|Any CPU
		{8794031A-9A08-4915-A436-815200EB8425}.Debug|Any CPU.ActiveCfg = Debug|Any CPU
		{8794031A-9A08-4915-A436-815200EB8425}.Debug|Any CPU.Build.0 = Debug|Any CPU
		{8794031A-9A08-4915-A436-815200EB8425}.Release|Any CPU.ActiveCfg = Release|Any CPU
		{8794031A-9A08-4915-A436-815200EB8425}.Release|Any CPU.Build.0 = Release|Any CPU
		{8AF34AC2-4CE4-45F5-A31B-D338F896C238}.Debug|Any CPU.ActiveCfg = Debug|Any CPU
		{8AF34AC2-4CE4-45F5-A31B-D338F896C238}.Debug|Any CPU.Build.0 = Debug|Any CPU
		{8AF34AC2-4CE4-45F5-A31B-D338F896C238}.Release|Any CPU.ActiveCfg = Release|Any CPU
		{8AF34AC2-4CE4-45F5-A31B-D338F896C238}.Release|Any CPU.Build.0 = Release|Any CPU
		{A7FA7F68-F64E-4EBC-B4E1-8A6C782F03F8}.Debug|Any CPU.ActiveCfg = Debug|Any CPU
		{A7FA7F68-F64E-4EBC-B4E1-8A6C782F03F8}.Debug|Any CPU.Build.0 = Debug|Any CPU
		{A7FA7F68-F64E-4EBC-B4E1-8A6C782F03F8}.Release|Any CPU.ActiveCfg = Release|Any CPU
		{A7FA7F68-F64E-4EBC-B4E1-8A6C782F03F8}.Release|Any CPU.Build.0 = Release|Any CPU
		{7A9AFA57-AD19-48F1-B5DF-E6EC9FFDB4B7}.Debug|Any CPU.ActiveCfg = Debug|Any CPU
		{7A9AFA57-AD19-48F1-B5DF-E6EC9FFDB4B7}.Debug|Any CPU.Build.0 = Debug|Any CPU
		{7A9AFA57-AD19-48F1-B5DF-E6EC9FFDB4B7}.Release|Any CPU.ActiveCfg = Release|Any CPU
		{7A9AFA57-AD19-48F1-B5DF-E6EC9FFDB4B7}.Release|Any CPU.Build.0 = Release|Any CPU
		{58FA67A3-4BEC-4C9E-BE45-0D8A50928E2D}.Debug|Any CPU.ActiveCfg = Debug|Any CPU
		{58FA67A3-4BEC-4C9E-BE45-0D8A50928E2D}.Debug|Any CPU.Build.0 = Debug|Any CPU
		{58FA67A3-4BEC-4C9E-BE45-0D8A50928E2D}.Release|Any CPU.ActiveCfg = Release|Any CPU
		{58FA67A3-4BEC-4C9E-BE45-0D8A50928E2D}.Release|Any CPU.Build.0 = Release|Any CPU
		{8B757873-A6EA-485E-A51F-3427BB73056A}.Debug|Any CPU.ActiveCfg = Debug|Any CPU
		{8B757873-A6EA-485E-A51F-3427BB73056A}.Debug|Any CPU.Build.0 = Debug|Any CPU
		{8B757873-A6EA-485E-A51F-3427BB73056A}.Release|Any CPU.ActiveCfg = Release|Any CPU
		{8B757873-A6EA-485E-A51F-3427BB73056A}.Release|Any CPU.Build.0 = Release|Any CPU
		{C837C823-DBD5-4D8B-A22E-D9D41A718A69}.Debug|Any CPU.ActiveCfg = Debug|Any CPU
		{C837C823-DBD5-4D8B-A22E-D9D41A718A69}.Debug|Any CPU.Build.0 = Debug|Any CPU
		{C837C823-DBD5-4D8B-A22E-D9D41A718A69}.Release|Any CPU.ActiveCfg = Release|Any CPU
		{C837C823-DBD5-4D8B-A22E-D9D41A718A69}.Release|Any CPU.Build.0 = Release|Any CPU
		{A10151CB-1694-4BCA-8D12-E81289FE9DA7}.Debug|Any CPU.ActiveCfg = Debug|Any CPU
		{A10151CB-1694-4BCA-8D12-E81289FE9DA7}.Debug|Any CPU.Build.0 = Debug|Any CPU
		{A10151CB-1694-4BCA-8D12-E81289FE9DA7}.Release|Any CPU.ActiveCfg = Release|Any CPU
		{A10151CB-1694-4BCA-8D12-E81289FE9DA7}.Release|Any CPU.Build.0 = Release|Any CPU
		{B5C7C381-2794-4622-BD8A-FDFF7CBFC6B7}.Debug|Any CPU.ActiveCfg = Debug|Any CPU
		{B5C7C381-2794-4622-BD8A-FDFF7CBFC6B7}.Debug|Any CPU.Build.0 = Debug|Any CPU
		{B5C7C381-2794-4622-BD8A-FDFF7CBFC6B7}.Release|Any CPU.ActiveCfg = Release|Any CPU
		{B5C7C381-2794-4622-BD8A-FDFF7CBFC6B7}.Release|Any CPU.Build.0 = Release|Any CPU
		{94FC9319-CABB-4E4B-922D-5AA9B5E5C2A9}.Debug|Any CPU.ActiveCfg = Debug|Any CPU
		{94FC9319-CABB-4E4B-922D-5AA9B5E5C2A9}.Debug|Any CPU.Build.0 = Debug|Any CPU
		{94FC9319-CABB-4E4B-922D-5AA9B5E5C2A9}.Release|Any CPU.ActiveCfg = Release|Any CPU
		{94FC9319-CABB-4E4B-922D-5AA9B5E5C2A9}.Release|Any CPU.Build.0 = Release|Any CPU
		{EE82EC24-6DB1-4077-8D0C-EB71DC289A19}.Debug|Any CPU.ActiveCfg = Debug|Any CPU
		{EE82EC24-6DB1-4077-8D0C-EB71DC289A19}.Debug|Any CPU.Build.0 = Debug|Any CPU
		{EE82EC24-6DB1-4077-8D0C-EB71DC289A19}.Release|Any CPU.ActiveCfg = Release|Any CPU
		{EE82EC24-6DB1-4077-8D0C-EB71DC289A19}.Release|Any CPU.Build.0 = Release|Any CPU
		{3FF42091-BD4A-4CFD-80BA-4F216EE5DF85}.Debug|Any CPU.ActiveCfg = Debug|Any CPU
		{3FF42091-BD4A-4CFD-80BA-4F216EE5DF85}.Debug|Any CPU.Build.0 = Debug|Any CPU
		{3FF42091-BD4A-4CFD-80BA-4F216EE5DF85}.Release|Any CPU.ActiveCfg = Release|Any CPU
		{3FF42091-BD4A-4CFD-80BA-4F216EE5DF85}.Release|Any CPU.Build.0 = Release|Any CPU
		{6C0D9BCA-005E-4E42-A105-D1C7F42C59D4}.Debug|Any CPU.ActiveCfg = Debug|Any CPU
		{6C0D9BCA-005E-4E42-A105-D1C7F42C59D4}.Debug|Any CPU.Build.0 = Debug|Any CPU
		{6C0D9BCA-005E-4E42-A105-D1C7F42C59D4}.Release|Any CPU.ActiveCfg = Release|Any CPU
		{6C0D9BCA-005E-4E42-A105-D1C7F42C59D4}.Release|Any CPU.Build.0 = Release|Any CPU
		{BD6C0F30-A7E1-42EB-989B-CB5604BCBA38}.Debug|Any CPU.ActiveCfg = Debug|Any CPU
		{BD6C0F30-A7E1-42EB-989B-CB5604BCBA38}.Debug|Any CPU.Build.0 = Debug|Any CPU
		{BD6C0F30-A7E1-42EB-989B-CB5604BCBA38}.Release|Any CPU.ActiveCfg = Release|Any CPU
		{BD6C0F30-A7E1-42EB-989B-CB5604BCBA38}.Release|Any CPU.Build.0 = Release|Any CPU
		{6F2FAF12-9582-4806-8DF1-9069FF3E9512}.Debug|Any CPU.ActiveCfg = Debug|Any CPU
		{6F2FAF12-9582-4806-8DF1-9069FF3E9512}.Debug|Any CPU.Build.0 = Debug|Any CPU
		{6F2FAF12-9582-4806-8DF1-9069FF3E9512}.Release|Any CPU.ActiveCfg = Release|Any CPU
		{6F2FAF12-9582-4806-8DF1-9069FF3E9512}.Release|Any CPU.Build.0 = Release|Any CPU
		{3E8648DC-5131-4D65-AB4F-4EDA2FAB6F84}.Debug|Any CPU.ActiveCfg = Debug|Any CPU
		{3E8648DC-5131-4D65-AB4F-4EDA2FAB6F84}.Debug|Any CPU.Build.0 = Debug|Any CPU
		{3E8648DC-5131-4D65-AB4F-4EDA2FAB6F84}.Release|Any CPU.ActiveCfg = Release|Any CPU
		{3E8648DC-5131-4D65-AB4F-4EDA2FAB6F84}.Release|Any CPU.Build.0 = Release|Any CPU
		{1BA3C878-B5D9-4EE0-B115-27AF5CC9BF62}.Debug|Any CPU.ActiveCfg = Debug|Any CPU
		{1BA3C878-B5D9-4EE0-B115-27AF5CC9BF62}.Debug|Any CPU.Build.0 = Debug|Any CPU
		{1BA3C878-B5D9-4EE0-B115-27AF5CC9BF62}.Release|Any CPU.ActiveCfg = Release|Any CPU
		{1BA3C878-B5D9-4EE0-B115-27AF5CC9BF62}.Release|Any CPU.Build.0 = Release|Any CPU
		{F62DA753-963D-4165-AA70-A4D1D22EAF0F}.Debug|Any CPU.ActiveCfg = Debug|Any CPU
		{F62DA753-963D-4165-AA70-A4D1D22EAF0F}.Debug|Any CPU.Build.0 = Debug|Any CPU
		{F62DA753-963D-4165-AA70-A4D1D22EAF0F}.Release|Any CPU.ActiveCfg = Release|Any CPU
		{F62DA753-963D-4165-AA70-A4D1D22EAF0F}.Release|Any CPU.Build.0 = Release|Any CPU
		{625CC02D-105E-4456-928E-8673B5136EEA}.Debug|Any CPU.ActiveCfg = Debug|Any CPU
		{625CC02D-105E-4456-928E-8673B5136EEA}.Debug|Any CPU.Build.0 = Debug|Any CPU
		{625CC02D-105E-4456-928E-8673B5136EEA}.Release|Any CPU.ActiveCfg = Release|Any CPU
		{625CC02D-105E-4456-928E-8673B5136EEA}.Release|Any CPU.Build.0 = Release|Any CPU
		{31663762-AA07-40A7-8A8F-EF89B92F28E5}.Debug|Any CPU.ActiveCfg = Debug|Any CPU
		{31663762-AA07-40A7-8A8F-EF89B92F28E5}.Debug|Any CPU.Build.0 = Debug|Any CPU
		{31663762-AA07-40A7-8A8F-EF89B92F28E5}.Release|Any CPU.ActiveCfg = Release|Any CPU
		{31663762-AA07-40A7-8A8F-EF89B92F28E5}.Release|Any CPU.Build.0 = Release|Any CPU
		{D5EB3484-1CB2-4402-A3BD-70D8D334CC99}.Debug|Any CPU.ActiveCfg = Debug|Any CPU
		{D5EB3484-1CB2-4402-A3BD-70D8D334CC99}.Debug|Any CPU.Build.0 = Debug|Any CPU
		{D5EB3484-1CB2-4402-A3BD-70D8D334CC99}.Release|Any CPU.ActiveCfg = Release|Any CPU
		{D5EB3484-1CB2-4402-A3BD-70D8D334CC99}.Release|Any CPU.Build.0 = Release|Any CPU
		{0CED2E5B-5D13-4678-8BD2-8162A088589F}.Debug|Any CPU.ActiveCfg = Debug|Any CPU
		{0CED2E5B-5D13-4678-8BD2-8162A088589F}.Debug|Any CPU.Build.0 = Debug|Any CPU
		{0CED2E5B-5D13-4678-8BD2-8162A088589F}.Release|Any CPU.ActiveCfg = Release|Any CPU
		{0CED2E5B-5D13-4678-8BD2-8162A088589F}.Release|Any CPU.Build.0 = Release|Any CPU
		{B3C1BF46-0F46-4668-AC0D-7A83A786FD80}.Debug|Any CPU.ActiveCfg = Debug|Any CPU
		{B3C1BF46-0F46-4668-AC0D-7A83A786FD80}.Debug|Any CPU.Build.0 = Debug|Any CPU
		{B3C1BF46-0F46-4668-AC0D-7A83A786FD80}.Release|Any CPU.ActiveCfg = Release|Any CPU
		{B3C1BF46-0F46-4668-AC0D-7A83A786FD80}.Release|Any CPU.Build.0 = Release|Any CPU
		{1E02F5DB-9E7E-4894-BBD6-1C9154BB87B6}.Debug|Any CPU.ActiveCfg = Debug|Any CPU
		{1E02F5DB-9E7E-4894-BBD6-1C9154BB87B6}.Debug|Any CPU.Build.0 = Debug|Any CPU
		{1E02F5DB-9E7E-4894-BBD6-1C9154BB87B6}.Release|Any CPU.ActiveCfg = Release|Any CPU
		{1E02F5DB-9E7E-4894-BBD6-1C9154BB87B6}.Release|Any CPU.Build.0 = Release|Any CPU
		{4FA6641A-A8DA-450B-9BA9-0AECC87AD337}.Debug|Any CPU.ActiveCfg = Debug|Any CPU
		{4FA6641A-A8DA-450B-9BA9-0AECC87AD337}.Debug|Any CPU.Build.0 = Debug|Any CPU
		{4FA6641A-A8DA-450B-9BA9-0AECC87AD337}.Release|Any CPU.ActiveCfg = Release|Any CPU
		{4FA6641A-A8DA-450B-9BA9-0AECC87AD337}.Release|Any CPU.Build.0 = Release|Any CPU
		{E0FD362E-8A0D-466C-A5A2-A89F72C7D39A}.Debug|Any CPU.ActiveCfg = Debug|Any CPU
		{E0FD362E-8A0D-466C-A5A2-A89F72C7D39A}.Debug|Any CPU.Build.0 = Debug|Any CPU
		{E0FD362E-8A0D-466C-A5A2-A89F72C7D39A}.Release|Any CPU.ActiveCfg = Release|Any CPU
		{E0FD362E-8A0D-466C-A5A2-A89F72C7D39A}.Release|Any CPU.Build.0 = Release|Any CPU
		{AC621E2D-224C-48F3-90B5-8EA50C5AFED2}.Debug|Any CPU.ActiveCfg = Debug|Any CPU
		{AC621E2D-224C-48F3-90B5-8EA50C5AFED2}.Debug|Any CPU.Build.0 = Debug|Any CPU
		{AC621E2D-224C-48F3-90B5-8EA50C5AFED2}.Release|Any CPU.ActiveCfg = Release|Any CPU
		{AC621E2D-224C-48F3-90B5-8EA50C5AFED2}.Release|Any CPU.Build.0 = Release|Any CPU
		{7F66E3ED-E555-442A-81DF-B2D916CC699D}.Debug|Any CPU.ActiveCfg = Debug|Any CPU
		{7F66E3ED-E555-442A-81DF-B2D916CC699D}.Debug|Any CPU.Build.0 = Debug|Any CPU
		{7F66E3ED-E555-442A-81DF-B2D916CC699D}.Release|Any CPU.ActiveCfg = Release|Any CPU
		{7F66E3ED-E555-442A-81DF-B2D916CC699D}.Release|Any CPU.Build.0 = Release|Any CPU
		{46063030-19E5-4E65-B7BE-758965013E41}.Debug|Any CPU.ActiveCfg = Debug|Any CPU
		{46063030-19E5-4E65-B7BE-758965013E41}.Debug|Any CPU.Build.0 = Debug|Any CPU
		{46063030-19E5-4E65-B7BE-758965013E41}.Release|Any CPU.ActiveCfg = Release|Any CPU
		{46063030-19E5-4E65-B7BE-758965013E41}.Release|Any CPU.Build.0 = Release|Any CPU
		{6A50C0E4-8C5C-4F77-869D-E30B740C7E0F}.Debug|Any CPU.ActiveCfg = Debug|Any CPU
		{6A50C0E4-8C5C-4F77-869D-E30B740C7E0F}.Debug|Any CPU.Build.0 = Debug|Any CPU
		{6A50C0E4-8C5C-4F77-869D-E30B740C7E0F}.Release|Any CPU.ActiveCfg = Release|Any CPU
		{6A50C0E4-8C5C-4F77-869D-E30B740C7E0F}.Release|Any CPU.Build.0 = Release|Any CPU
		{967A29FA-C3A7-4A49-A868-04027C36EC83}.Debug|Any CPU.ActiveCfg = Debug|Any CPU
		{967A29FA-C3A7-4A49-A868-04027C36EC83}.Debug|Any CPU.Build.0 = Debug|Any CPU
		{967A29FA-C3A7-4A49-A868-04027C36EC83}.Release|Any CPU.ActiveCfg = Release|Any CPU
		{967A29FA-C3A7-4A49-A868-04027C36EC83}.Release|Any CPU.Build.0 = Release|Any CPU
		{93F370A9-8D29-4D6F-AB34-E198E3B637F3}.Debug|Any CPU.ActiveCfg = Debug|Any CPU
		{93F370A9-8D29-4D6F-AB34-E198E3B637F3}.Debug|Any CPU.Build.0 = Debug|Any CPU
		{93F370A9-8D29-4D6F-AB34-E198E3B637F3}.Release|Any CPU.ActiveCfg = Release|Any CPU
		{93F370A9-8D29-4D6F-AB34-E198E3B637F3}.Release|Any CPU.Build.0 = Release|Any CPU
	EndGlobalSection
	GlobalSection(SolutionProperties) = preSolution
		HideSolutionNode = FALSE
	EndGlobalSection
	GlobalSection(ExtensibilityGlobals) = postSolution
		SolutionGuid = {85359EF9-4D0D-4EE6-99D0-8612AA6FAD4C}
	EndGlobalSection
EndGlobal
